// !$*UTF8*$!
{
	archiveVersion = 1;
	classes = {
	};
	objectVersion = 46;
	objects = {

/* Begin PBXBuildFile section */
		528A0B9D1F20A4D90032167C /* UIButtonX.swift in Sources */ = {isa = PBXBuildFile; fileRef = 528A0B921F20A4D90032167C /* UIButtonX.swift */; };
		528A0B9E1F20A4D90032167C /* UIImageViewX.swift in Sources */ = {isa = PBXBuildFile; fileRef = 528A0B931F20A4D90032167C /* UIImageViewX.swift */; };
		528A0B9F1F20A4D90032167C /* UILabelX.swift in Sources */ = {isa = PBXBuildFile; fileRef = 528A0B941F20A4D90032167C /* UILabelX.swift */; };
		528A0BA01F20A4D90032167C /* UIPickerViewX.swift in Sources */ = {isa = PBXBuildFile; fileRef = 528A0B951F20A4D90032167C /* UIPickerViewX.swift */; };
		528A0BA11F20A4D90032167C /* UISliderX.swift in Sources */ = {isa = PBXBuildFile; fileRef = 528A0B961F20A4D90032167C /* UISliderX.swift */; };
		528A0BA21F20A4D90032167C /* UITextFieldX.swift in Sources */ = {isa = PBXBuildFile; fileRef = 528A0B971F20A4D90032167C /* UITextFieldX.swift */; };
		528A0BA31F20A4D90032167C /* UIViewAnchorPoint.swift in Sources */ = {isa = PBXBuildFile; fileRef = 528A0B981F20A4D90032167C /* UIViewAnchorPoint.swift */; };
		528A0BA41F20A4D90032167C /* UIViewControllerX.swift in Sources */ = {isa = PBXBuildFile; fileRef = 528A0B991F20A4D90032167C /* UIViewControllerX.swift */; };
		528A0BA51F20A4D90032167C /* UIViewX.swift in Sources */ = {isa = PBXBuildFile; fileRef = 528A0B9A1F20A4D90032167C /* UIViewX.swift */; };
		528A0BA61F20A4D90032167C /* UIViewXRadialGradient.swift in Sources */ = {isa = PBXBuildFile; fileRef = 528A0B9B1F20A4D90032167C /* UIViewXRadialGradient.swift */; };
		528A0BA71F20A4D90032167C /* UIVisualEffectViewX.swift in Sources */ = {isa = PBXBuildFile; fileRef = 528A0B9C1F20A4D90032167C /* UIVisualEffectViewX.swift */; };
		52A213631F125FF6006FB39E /* ViewController2.swift in Sources */ = {isa = PBXBuildFile; fileRef = 52A213621F125FF6006FB39E /* ViewController2.swift */; };
		52A52F9B1F0A9FBB0020F3A9 /* AppDelegate.swift in Sources */ = {isa = PBXBuildFile; fileRef = 52A52F9A1F0A9FBB0020F3A9 /* AppDelegate.swift */; };
		52A52F9D1F0A9FBB0020F3A9 /* ViewController.swift in Sources */ = {isa = PBXBuildFile; fileRef = 52A52F9C1F0A9FBB0020F3A9 /* ViewController.swift */; };
		52A52FA01F0A9FBB0020F3A9 /* Main.storyboard in Resources */ = {isa = PBXBuildFile; fileRef = 52A52F9E1F0A9FBB0020F3A9 /* Main.storyboard */; };
		52A52FA21F0A9FBB0020F3A9 /* Assets.xcassets in Resources */ = {isa = PBXBuildFile; fileRef = 52A52FA11F0A9FBB0020F3A9 /* Assets.xcassets */; };
		52A52FA51F0A9FBB0020F3A9 /* LaunchScreen.storyboard in Resources */ = {isa = PBXBuildFile; fileRef = 52A52FA31F0A9FBB0020F3A9 /* LaunchScreen.storyboard */; };
		52C9A4C31F1FAC4F00B3F37B /* FabuttonViewC.swift in Sources */ = {isa = PBXBuildFile; fileRef = 52C9A4C21F1FAC4F00B3F37B /* FabuttonViewC.swift */; };
		52C9A4C51F1FB21D00B3F37B /* FloatingButtonController.swift in Sources */ = {isa = PBXBuildFile; fileRef = 52C9A4C41F1FB21D00B3F37B /* FloatingButtonController.swift */; };
		52C9A4C71F1FB3D600B3F37B /* SwVC.swift in Sources */ = {isa = PBXBuildFile; fileRef = 52C9A4C61F1FB3D600B3F37B /* SwVC.swift */; };
/* End PBXBuildFile section */

/* Begin PBXFileReference section */
		528A0B921F20A4D90032167C /* UIButtonX.swift */ = {isa = PBXFileReference; fileEncoding = 4; lastKnownFileType = sourcecode.swift; path = UIButtonX.swift; sourceTree = "<group>"; };
		528A0B931F20A4D90032167C /* UIImageViewX.swift */ = {isa = PBXFileReference; fileEncoding = 4; lastKnownFileType = sourcecode.swift; path = UIImageViewX.swift; sourceTree = "<group>"; };
		528A0B941F20A4D90032167C /* UILabelX.swift */ = {isa = PBXFileReference; fileEncoding = 4; lastKnownFileType = sourcecode.swift; path = UILabelX.swift; sourceTree = "<group>"; };
		528A0B951F20A4D90032167C /* UIPickerViewX.swift */ = {isa = PBXFileReference; fileEncoding = 4; lastKnownFileType = sourcecode.swift; path = UIPickerViewX.swift; sourceTree = "<group>"; };
		528A0B961F20A4D90032167C /* UISliderX.swift */ = {isa = PBXFileReference; fileEncoding = 4; lastKnownFileType = sourcecode.swift; path = UISliderX.swift; sourceTree = "<group>"; };
		528A0B971F20A4D90032167C /* UITextFieldX.swift */ = {isa = PBXFileReference; fileEncoding = 4; lastKnownFileType = sourcecode.swift; path = UITextFieldX.swift; sourceTree = "<group>"; };
		528A0B981F20A4D90032167C /* UIViewAnchorPoint.swift */ = {isa = PBXFileReference; fileEncoding = 4; lastKnownFileType = sourcecode.swift; path = UIViewAnchorPoint.swift; sourceTree = "<group>"; };
		528A0B991F20A4D90032167C /* UIViewControllerX.swift */ = {isa = PBXFileReference; fileEncoding = 4; lastKnownFileType = sourcecode.swift; path = UIViewControllerX.swift; sourceTree = "<group>"; };
		528A0B9A1F20A4D90032167C /* UIViewX.swift */ = {isa = PBXFileReference; fileEncoding = 4; lastKnownFileType = sourcecode.swift; path = UIViewX.swift; sourceTree = "<group>"; };
		528A0B9B1F20A4D90032167C /* UIViewXRadialGradient.swift */ = {isa = PBXFileReference; fileEncoding = 4; lastKnownFileType = sourcecode.swift; path = UIViewXRadialGradient.swift; sourceTree = "<group>"; };
		528A0B9C1F20A4D90032167C /* UIVisualEffectViewX.swift */ = {isa = PBXFileReference; fileEncoding = 4; lastKnownFileType = sourcecode.swift; path = UIVisualEffectViewX.swift; sourceTree = "<group>"; };
		52A213621F125FF6006FB39E /* ViewController2.swift */ = {isa = PBXFileReference; fileEncoding = 4; lastKnownFileType = sourcecode.swift; path = ViewController2.swift; sourceTree = "<group>"; };
		52A52F971F0A9FBB0020F3A9 /* newBall.app */ = {isa = PBXFileReference; explicitFileType = wrapper.application; includeInIndex = 0; path = newBall.app; sourceTree = BUILT_PRODUCTS_DIR; };
		52A52F9A1F0A9FBB0020F3A9 /* AppDelegate.swift */ = {isa = PBXFileReference; lastKnownFileType = sourcecode.swift; path = AppDelegate.swift; sourceTree = "<group>"; };
		52A52F9C1F0A9FBB0020F3A9 /* ViewController.swift */ = {isa = PBXFileReference; lastKnownFileType = sourcecode.swift; path = ViewController.swift; sourceTree = "<group>"; };
		52A52F9F1F0A9FBB0020F3A9 /* Base */ = {isa = PBXFileReference; lastKnownFileType = file.storyboard; name = Base; path = Base.lproj/Main.storyboard; sourceTree = "<group>"; };
		52A52FA11F0A9FBB0020F3A9 /* Assets.xcassets */ = {isa = PBXFileReference; lastKnownFileType = folder.assetcatalog; path = Assets.xcassets; sourceTree = "<group>"; };
		52A52FA41F0A9FBB0020F3A9 /* Base */ = {isa = PBXFileReference; lastKnownFileType = file.storyboard; name = Base; path = Base.lproj/LaunchScreen.storyboard; sourceTree = "<group>"; };
		52A52FA61F0A9FBB0020F3A9 /* Info.plist */ = {isa = PBXFileReference; lastKnownFileType = text.plist.xml; path = Info.plist; sourceTree = "<group>"; };
		52C9A4C21F1FAC4F00B3F37B /* FabuttonViewC.swift */ = {isa = PBXFileReference; fileEncoding = 4; lastKnownFileType = sourcecode.swift; path = FabuttonViewC.swift; sourceTree = "<group>"; };
		52C9A4C41F1FB21D00B3F37B /* FloatingButtonController.swift */ = {isa = PBXFileReference; fileEncoding = 4; lastKnownFileType = sourcecode.swift; path = FloatingButtonController.swift; sourceTree = "<group>"; };
		52C9A4C61F1FB3D600B3F37B /* SwVC.swift */ = {isa = PBXFileReference; fileEncoding = 4; lastKnownFileType = sourcecode.swift; path = SwVC.swift; sourceTree = "<group>"; };
/* End PBXFileReference section */

/* Begin PBXFrameworksBuildPhase section */
		52A52F941F0A9FBB0020F3A9 /* Frameworks */ = {
			isa = PBXFrameworksBuildPhase;
			buildActionMask = 2147483647;
			files = (
			);
			runOnlyForDeploymentPostprocessing = 0;
		};
/* End PBXFrameworksBuildPhase section */

/* Begin PBXGroup section */
		52A52F8E1F0A9FBB0020F3A9 = {
			isa = PBXGroup;
			children = (
				52A52F991F0A9FBB0020F3A9 /* newBall */,
				52A52F981F0A9FBB0020F3A9 /* Products */,
			);
			sourceTree = "<group>";
		};
		52A52F981F0A9FBB0020F3A9 /* Products */ = {
			isa = PBXGroup;
			children = (
				52A52F971F0A9FBB0020F3A9 /* newBall.app */,
			);
			name = Products;
			sourceTree = "<group>";
		};
		52A52F991F0A9FBB0020F3A9 /* newBall */ = {
			isa = PBXGroup;
			children = (
				52A52F9A1F0A9FBB0020F3A9 /* AppDelegate.swift */,
				52A52F9C1F0A9FBB0020F3A9 /* ViewController.swift */,
				52C9A4C21F1FAC4F00B3F37B /* FabuttonViewC.swift */,
				52C9A4C41F1FB21D00B3F37B /* FloatingButtonController.swift */,
				52A52F9E1F0A9FBB0020F3A9 /* Main.storyboard */,
				52A213621F125FF6006FB39E /* ViewController2.swift */,
				52C9A4C61F1FB3D600B3F37B /* SwVC.swift */,
				52A52FA11F0A9FBB0020F3A9 /* Assets.xcassets */,
				52A52FA31F0A9FBB0020F3A9 /* LaunchScreen.storyboard */,
				52A52FA61F0A9FBB0020F3A9 /* Info.plist */,
				528A0B921F20A4D90032167C /* UIButtonX.swift */,
				528A0B931F20A4D90032167C /* UIImageViewX.swift */,
				528A0B941F20A4D90032167C /* UILabelX.swift */,
				528A0B951F20A4D90032167C /* UIPickerViewX.swift */,
				528A0B961F20A4D90032167C /* UISliderX.swift */,
				528A0B971F20A4D90032167C /* UITextFieldX.swift */,
				528A0B981F20A4D90032167C /* UIViewAnchorPoint.swift */,
				528A0B991F20A4D90032167C /* UIViewControllerX.swift */,
				528A0B9A1F20A4D90032167C /* UIViewX.swift */,
				528A0B9B1F20A4D90032167C /* UIViewXRadialGradient.swift */,
				528A0B9C1F20A4D90032167C /* UIVisualEffectViewX.swift */,
			);
			path = newBall;
			sourceTree = "<group>";
		};
/* End PBXGroup section */

/* Begin PBXNativeTarget section */
		52A52F961F0A9FBB0020F3A9 /* newBall */ = {
			isa = PBXNativeTarget;
			buildConfigurationList = 52A52FA91F0A9FBB0020F3A9 /* Build configuration list for PBXNativeTarget "newBall" */;
			buildPhases = (
				52A52F931F0A9FBB0020F3A9 /* Sources */,
				52A52F941F0A9FBB0020F3A9 /* Frameworks */,
				52A52F951F0A9FBB0020F3A9 /* Resources */,
			);
			buildRules = (
			);
			dependencies = (
			);
			name = newBall;
			productName = newBall;
			productReference = 52A52F971F0A9FBB0020F3A9 /* newBall.app */;
			productType = "com.apple.product-type.application";
		};
/* End PBXNativeTarget section */

/* Begin PBXProject section */
		52A52F8F1F0A9FBB0020F3A9 /* Project object */ = {
			isa = PBXProject;
			attributes = {
				LastSwiftUpdateCheck = 0830;
				LastUpgradeCheck = 0830;
				ORGANIZATIONNAME = "Macbook Pro";
				TargetAttributes = {
					52A52F961F0A9FBB0020F3A9 = {
						CreatedOnToolsVersion = 8.3.3;
						DevelopmentTeam = ZMU9J2W23C;
						LastSwiftMigration = 0830;
						ProvisioningStyle = Automatic;
					};
				};
			};
			buildConfigurationList = 52A52F921F0A9FBB0020F3A9 /* Build configuration list for PBXProject "newBall" */;
			compatibilityVersion = "Xcode 3.2";
			developmentRegion = English;
			hasScannedForEncodings = 0;
			knownRegions = (
				en,
				Base,
			);
			mainGroup = 52A52F8E1F0A9FBB0020F3A9;
			productRefGroup = 52A52F981F0A9FBB0020F3A9 /* Products */;
			projectDirPath = "";
			projectRoot = "";
			targets = (
				52A52F961F0A9FBB0020F3A9 /* newBall */,
			);
		};
/* End PBXProject section */

/* Begin PBXResourcesBuildPhase section */
		52A52F951F0A9FBB0020F3A9 /* Resources */ = {
			isa = PBXResourcesBuildPhase;
			buildActionMask = 2147483647;
			files = (
				52A52FA51F0A9FBB0020F3A9 /* LaunchScreen.storyboard in Resources */,
				52A52FA21F0A9FBB0020F3A9 /* Assets.xcassets in Resources */,
				52A52FA01F0A9FBB0020F3A9 /* Main.storyboard in Resources */,
			);
			runOnlyForDeploymentPostprocessing = 0;
		};
/* End PBXResourcesBuildPhase section */

/* Begin PBXSourcesBuildPhase section */
		52A52F931F0A9FBB0020F3A9 /* Sources */ = {
			isa = PBXSourcesBuildPhase;
			buildActionMask = 2147483647;
			files = (
				528A0BA71F20A4D90032167C /* UIVisualEffectViewX.swift in Sources */,
				528A0BA21F20A4D90032167C /* UITextFieldX.swift in Sources */,
				528A0B9F1F20A4D90032167C /* UILabelX.swift in Sources */,
				528A0BA61F20A4D90032167C /* UIViewXRadialGradient.swift in Sources */,
				52A52F9D1F0A9FBB0020F3A9 /* ViewController.swift in Sources */,
				528A0B9E1F20A4D90032167C /* UIImageViewX.swift in Sources */,
				52C9A4C51F1FB21D00B3F37B /* FloatingButtonController.swift in Sources */,
				528A0BA31F20A4D90032167C /* UIViewAnchorPoint.swift in Sources */,
				52C9A4C71F1FB3D600B3F37B /* SwVC.swift in Sources */,
				528A0B9D1F20A4D90032167C /* UIButtonX.swift in Sources */,
				528A0BA51F20A4D90032167C /* UIViewX.swift in Sources */,
				52C9A4C31F1FAC4F00B3F37B /* FabuttonViewC.swift in Sources */,
				528A0BA41F20A4D90032167C /* UIViewControllerX.swift in Sources */,
				528A0BA11F20A4D90032167C /* UISliderX.swift in Sources */,
				52A52F9B1F0A9FBB0020F3A9 /* AppDelegate.swift in Sources */,
				52A213631F125FF6006FB39E /* ViewController2.swift in Sources */,
				528A0BA01F20A4D90032167C /* UIPickerViewX.swift in Sources */,
			);
			runOnlyForDeploymentPostprocessing = 0;
		};
/* End PBXSourcesBuildPhase section */

/* Begin PBXVariantGroup section */
		52A52F9E1F0A9FBB0020F3A9 /* Main.storyboard */ = {
			isa = PBXVariantGroup;
			children = (
				52A52F9F1F0A9FBB0020F3A9 /* Base */,
			);
			name = Main.storyboard;
			sourceTree = "<group>";
		};
		52A52FA31F0A9FBB0020F3A9 /* LaunchScreen.storyboard */ = {
			isa = PBXVariantGroup;
			children = (
				52A52FA41F0A9FBB0020F3A9 /* Base */,
			);
			name = LaunchScreen.storyboard;
			sourceTree = "<group>";
		};
/* End PBXVariantGroup section */

/* Begin XCBuildConfiguration section */
		52A52FA71F0A9FBB0020F3A9 /* Debug */ = {
			isa = XCBuildConfiguration;
			buildSettings = {
				ALWAYS_SEARCH_USER_PATHS = NO;
				CLANG_ANALYZER_NONNULL = YES;
				CLANG_ANALYZER_NUMBER_OBJECT_CONVERSION = YES_AGGRESSIVE;
				CLANG_CXX_LANGUAGE_STANDARD = "gnu++0x";
				CLANG_CXX_LIBRARY = "libc++";
				CLANG_ENABLE_MODULES = YES;
				CLANG_ENABLE_OBJC_ARC = YES;
				CLANG_WARN_BOOL_CONVERSION = YES;
				CLANG_WARN_CONSTANT_CONVERSION = YES;
				CLANG_WARN_DIRECT_OBJC_ISA_USAGE = YES_ERROR;
				CLANG_WARN_DOCUMENTATION_COMMENTS = YES;
				CLANG_WARN_EMPTY_BODY = YES;
				CLANG_WARN_ENUM_CONVERSION = YES;
				CLANG_WARN_INFINITE_RECURSION = YES;
				CLANG_WARN_INT_CONVERSION = YES;
				CLANG_WARN_OBJC_ROOT_CLASS = YES_ERROR;
				CLANG_WARN_SUSPICIOUS_MOVE = YES;
				CLANG_WARN_UNREACHABLE_CODE = YES;
				CLANG_WARN__DUPLICATE_METHOD_MATCH = YES;
				"CODE_SIGN_IDENTITY[sdk=iphoneos*]" = "iPhone Developer";
				COPY_PHASE_STRIP = NO;
				DEBUG_INFORMATION_FORMAT = dwarf;
				ENABLE_STRICT_OBJC_MSGSEND = YES;
				ENABLE_TESTABILITY = YES;
				GCC_C_LANGUAGE_STANDARD = gnu99;
				GCC_DYNAMIC_NO_PIC = NO;
				GCC_NO_COMMON_BLOCKS = YES;
				GCC_OPTIMIZATION_LEVEL = 0;
				GCC_PREPROCESSOR_DEFINITIONS = (
					"DEBUG=1",
					"$(inherited)",
				);
				GCC_WARN_64_TO_32_BIT_CONVERSION = YES;
				GCC_WARN_ABOUT_RETURN_TYPE = YES_ERROR;
				GCC_WARN_UNDECLARED_SELECTOR = YES;
				GCC_WARN_UNINITIALIZED_AUTOS = YES_AGGRESSIVE;
				GCC_WARN_UNUSED_FUNCTION = YES;
				GCC_WARN_UNUSED_VARIABLE = YES;
				IPHONEOS_DEPLOYMENT_TARGET = 10.3;
				MTL_ENABLE_DEBUG_INFO = YES;
				ONLY_ACTIVE_ARCH = YES;
				SDKROOT = iphoneos;
				SWIFT_ACTIVE_COMPILATION_CONDITIONS = DEBUG;
				SWIFT_OPTIMIZATION_LEVEL = "-Onone";
				TARGETED_DEVICE_FAMILY = "1,2";
			};
			name = Debug;
		};
		52A52FA81F0A9FBB0020F3A9 /* Release */ = {
			isa = XCBuildConfiguration;
			buildSettings = {
				ALWAYS_SEARCH_USER_PATHS = NO;
				CLANG_ANALYZER_NONNULL = YES;
				CLANG_ANALYZER_NUMBER_OBJECT_CONVERSION = YES_AGGRESSIVE;
				CLANG_CXX_LANGUAGE_STANDARD = "gnu++0x";
				CLANG_CXX_LIBRARY = "libc++";
				CLANG_ENABLE_MODULES = YES;
				CLANG_ENABLE_OBJC_ARC = YES;
				CLANG_WARN_BOOL_CONVERSION = YES;
				CLANG_WARN_CONSTANT_CONVERSION = YES;
				CLANG_WARN_DIRECT_OBJC_ISA_USAGE = YES_ERROR;
				CLANG_WARN_DOCUMENTATION_COMMENTS = YES;
				CLANG_WARN_EMPTY_BODY = YES;
				CLANG_WARN_ENUM_CONVERSION = YES;
				CLANG_WARN_INFINITE_RECURSION = YES;
				CLANG_WARN_INT_CONVERSION = YES;
				CLANG_WARN_OBJC_ROOT_CLASS = YES_ERROR;
				CLANG_WARN_SUSPICIOUS_MOVE = YES;
				CLANG_WARN_UNREACHABLE_CODE = YES;
				CLANG_WARN__DUPLICATE_METHOD_MATCH = YES;
				"CODE_SIGN_IDENTITY[sdk=iphoneos*]" = "iPhone Developer";
				COPY_PHASE_STRIP = NO;
				DEBUG_INFORMATION_FORMAT = "dwarf-with-dsym";
				ENABLE_NS_ASSERTIONS = NO;
				ENABLE_STRICT_OBJC_MSGSEND = YES;
				GCC_C_LANGUAGE_STANDARD = gnu99;
				GCC_NO_COMMON_BLOCKS = YES;
				GCC_WARN_64_TO_32_BIT_CONVERSION = YES;
				GCC_WARN_ABOUT_RETURN_TYPE = YES_ERROR;
				GCC_WARN_UNDECLARED_SELECTOR = YES;
				GCC_WARN_UNINITIALIZED_AUTOS = YES_AGGRESSIVE;
				GCC_WARN_UNUSED_FUNCTION = YES;
				GCC_WARN_UNUSED_VARIABLE = YES;
				IPHONEOS_DEPLOYMENT_TARGET = 10.3;
				MTL_ENABLE_DEBUG_INFO = NO;
				SDKROOT = iphoneos;
				SWIFT_OPTIMIZATION_LEVEL = "-Owholemodule";
				TARGETED_DEVICE_FAMILY = "1,2";
				VALIDATE_PRODUCT = YES;
			};
			name = Release;
		};
		52A52FAA1F0A9FBB0020F3A9 /* Debug */ = {
			isa = XCBuildConfiguration;
			buildSettings = {
				ASSETCATALOG_COMPILER_APPICON_NAME = AppIcon;
				DEVELOPMENT_TEAM = ZMU9J2W23C;
				INFOPLIST_FILE = newBall/Info.plist;
				LD_RUNPATH_SEARCH_PATHS = "$(inherited) @executable_path/Frameworks";
				PRODUCT_BUNDLE_IDENTIFIER = com.killva.stanford.newBall;
				PRODUCT_NAME = "$(TARGET_NAME)";
				SWIFT_VERSION = 3.0;
			};
			name = Debug;
		};
		52A52FAB1F0A9FBB0020F3A9 /* Release */ = {
			isa = XCBuildConfiguration;
			buildSettings = {
				ASSETCATALOG_COMPILER_APPICON_NAME = AppIcon;
				DEVELOPMENT_TEAM = ZMU9J2W23C;
				INFOPLIST_FILE = newBall/Info.plist;
				LD_RUNPATH_SEARCH_PATHS = "$(inherited) @executable_path/Frameworks";
				PRODUCT_BUNDLE_IDENTIFIER = com.killva.stanford.newBall;
				PRODUCT_NAME = "$(TARGET_NAME)";
				SWIFT_VERSION = 3.0;
			};
			name = Release;
		};
/* End XCBuildConfiguration section */

/* Begin XCConfigurationList section */
		52A52F921F0A9FBB0020F3A9 /* Build configuration list for PBXProject "newBall" */ = {
			isa = XCConfigurationList;
			buildConfigurations = (
				52A52FA71F0A9FBB0020F3A9 /* Debug */,
				52A52FA81F0A9FBB0020F3A9 /* Release */,
			);
			defaultConfigurationIsVisible = 0;
			defaultConfigurationName = Release;
		};
		52A52FA91F0A9FBB0020F3A9 /* Build configuration list for PBXNativeTarget "newBall" */ = {
			isa = XCConfigurationList;
			buildConfigurations = (
				52A52FAA1F0A9FBB0020F3A9 /* Debug */,
				52A52FAB1F0A9FBB0020F3A9 /* Release */,
			);
			defaultConfigurationIsVisible = 0;
			defaultConfigurationName = Release;
		};
/* End XCConfigurationList section */
	};
	rootObject = 52A52F8F1F0A9FBB0020F3A9 /* Project object */;
}
